# THIS IS AN AUTOGENERATED FILE. DO NOT EDIT THIS FILE DIRECTLY.
# yarn lockfile v1


"@tauri-apps/api@^2.0.0", "@tauri-apps/api@^2.2.0":
  version "2.3.0"
  resolved "https://registry.yarnpkg.com/@tauri-apps/api/-/api-2.3.0.tgz#8ced2a5e5f1d30d585a22b11dff2cbdfa3f9eab2"
  integrity sha512-33Z+0lX2wgZbx1SPFfqvzI6su63hCBkbzv+5NexeYjIx7WA9htdOKoRR7Dh3dJyltqS5/J8vQFyybiRoaL0hlA==

"@tauri-apps/plugin-autostart@^2.2.0":
  version "2.2.0"
  resolved "https://registry.yarnpkg.com/@tauri-apps/plugin-autostart/-/plugin-autostart-2.2.0.tgz#b5ea584cb52b0a5423f636d69d3e7519124342fe"
  integrity sha512-TzVcDZdOvdot0avkpstUWJKKEl4cyxLpFB9DZZRW5zH8k+Bv8IVJmO0zyYuw+7oKlGdHOINbD/7Je7GHMViw5w==
  dependencies:
    "@tauri-apps/api" "^2.0.0"

"@tauri-apps/plugin-dialog@^2.2.0":
  version "2.2.0"
  resolved "https://registry.yarnpkg.com/@tauri-apps/plugin-dialog/-/plugin-dialog-2.2.0.tgz#2f7b841a982820adbc9c182e0e95acd8d90aa6fc"
  integrity sha512-6bLkYK68zyK31418AK5fNccCdVuRnNpbxquCl8IqgFByOgWFivbiIlvb79wpSXi0O+8k8RCSsIpOquebusRVSg==
  dependencies:
    "@tauri-apps/api" "^2.0.0"

"@tauri-apps/plugin-updater@^2.3.1":
  version "2.6.0"
  resolved "https://registry.yarnpkg.com/@tauri-apps/plugin-updater/-/plugin-updater-2.6.0.tgz#08302050b8f3974af2b0bff61fe96921f3696584"
  integrity sha512-j74RUolLIhQDQwrff6R28xIewYVXME1gFU+d+4LYN1dLRzLD+ySa7VHqzyWYxWEvm+TPZ7lkUxa5a9uH9Ist3A==
  dependencies:
    "@tauri-apps/api" "^2.0.0"

react-chartjs-2@^5.2.0:
  version "5.3.0"
  resolved "https://registry.yarnpkg.com/react-chartjs-2/-/react-chartjs-2-5.3.0.tgz#2d3286339a742bc7f77b5829c33ebab215f714cc"
  integrity sha512-UfZZFnDsERI3c3CZGxzvNJd02SHjaSJ8kgW1djn65H1KK8rehwTjyrRKOG3VTMG8wtHZ5rgAO5oTHtHi9GCCmw==
